
Microsoft Visual Studio Solution File, Format Version 12.00
# Visual Studio Version 17
VisualStudioVersion = 17.14.36401.2 d17.14
MinimumVisualStudioVersion = 10.0.40219.1
Project("{FAE04EC0-301F-11D3-BF4B-00C04F79EFBC}") = "DemoWeb", "DemoWeb\DemoWeb.csproj", "{4C023377-ADEA-49B3-A11A-F0177F97EC4A}"
EndProject
Global
	GlobalSection(SolutionConfigurationPlatforms) = preSolution
		Debug|Any CPU = Debug|Any CPU
		Release|Any CPU = Release|Any CPU
	EndGlobalSection
	GlobalSection(ProjectConfigurationPlatforms) = postSolution
		{4C023377-ADEA-49B3-A11A-F0177F97EC4A}.Debug|Any CPU.ActiveCfg = Debug|Any CPU
		{4C023377-ADEA-49B3-A11A-F0177F97EC4A}.Debug|Any CPU.Build.0 = Debug|Any CPU
		{4C023377-ADEA-49B3-A11A-F0177F97EC4A}.Release|Any CPU.ActiveCfg = Release|Any CPU
		{4C023377-ADEA-49B3-A11A-F0177F97EC4A}.Release|Any CPU.Build.0 = Release|Any CPU
	EndGlobalSection
	GlobalSection(SolutionProperties) = preSolution
		HideSolutionNode = FALSE
	EndGlobalSection
	GlobalSection(ExtensibilityGlobals) = postSolution
		SolutionGuid = {01FF831E-75BB-4C99-BED1-790C04C76AD8}
	EndGlobalSection
EndGlobal
