Microsoft Visual Studio Solution File, Format Version 12.00
# Visual Studio Version 17
VisualStudioVersion = 17.5.2.0
MinimumVisualStudioVersion = 10.0.40219.1
Project("{FAE04EC0-301F-11D3-BF4B-00C04F79EFBC}") = "DemoWeb", "DemoWeb.csproj", "{927C4C51-8AE8-705D-47A8-E0096D934C5B}"
EndProject
Global
	GlobalSection(SolutionConfigurationPlatforms) = preSolution
		Debug|Any CPU = Debug|Any CPU
		Release|Any CPU = Release|Any CPU
	EndGlobalSection
	GlobalSection(ProjectConfigurationPlatforms) = postSolution
		{927C4C51-8AE8-705D-47A8-E0096D934C5B}.Debug|Any CPU.ActiveCfg = Debug|Any CPU
		{927C4C51-8AE8-705D-47A8-E0096D934C5B}.Debug|Any CPU.Build.0 = Debug|Any CPU
		{927C4C51-8AE8-705D-47A8-E0096D934C5B}.Release|Any CPU.ActiveCfg = Release|Any CPU
		{927C4C51-8AE8-705D-47A8-E0096D934C5B}.Release|Any CPU.Build.0 = Release|Any CPU
	EndGlobalSection
	GlobalSection(SolutionProperties) = preSolution
		HideSolutionNode = FALSE
	EndGlobalSection
	GlobalSection(ExtensibilityGlobals) = postSolution
		SolutionGuid = {2A2A1209-1A76-46E4-9474-25F90FEB4A25}
	EndGlobalSection
EndGlobal
